
Microsoft Visual Studio Solution File, Format Version 12.00
# Visual Studio Version 17
VisualStudioVersion = 17.8.34330.188
MinimumVisualStudioVersion = 10.0.40219.1
Project("{9A19103F-16F7-4668-BE54-9A1E7A4F7556}") = "DnsCore", "DnsCore\DnsCore.csproj", "{5AB9864B-7F87-41E8-99B8-33ABA925F6F8}"
EndProject
Project("{9A19103F-16F7-4668-BE54-9A1E7A4F7556}") = "DnsCore.Tests", "DnsCore.Tests\DnsCore.Tests.csproj", "{F1021099-F926-4801-B8B4-E057B0164BA3}"
EndProject
Project("{2150E333-8FDC-42A3-9474-1A3956D46DE8}") = "Solution Items", "Solution Items", "{321A7454-EF7E-493C-9577-764F97EFDF52}"
	ProjectSection(SolutionItems) = preProject
		.editorconfig = .editorconfig
		.gitignore = .gitignore
		Directory.Packages.props = Directory.Packages.props
		DnsCore.targets = DnsCore.targets
		LICENSE = LICENSE
		README.md = README.md
	EndProjectSection
EndProject
Project("{9A19103F-16F7-4668-BE54-9A1E7A4F7556}") = "DnsCore.TestServer", "DnsCore.TestServer\DnsCore.TestServer.csproj", "{645B9E33-0A5C-454F-8B49-71459A528CCE}"
EndProject
Project("{2150E333-8FDC-42A3-9474-1A3956D46DE8}") = ".github", ".github", "{D3A0E077-7F61-4C4F-A81C-BE9006A523CF}"
EndProject
Project("{2150E333-8FDC-42A3-9474-1A3956D46DE8}") = "workflows", "workflows", "{58B2E7C4-07FB-4147-AA66-45323508A4FF}"
	ProjectSection(SolutionItems) = preProject
		.github\workflows\pipeline.yml = .github\workflows\pipeline.yml
	EndProjectSection
EndProject
Global
	GlobalSection(SolutionConfigurationPlatforms) = preSolution
		Debug|Any CPU = Debug|Any CPU
		Release|Any CPU = Release|Any CPU
	EndGlobalSection
	GlobalSection(ProjectConfigurationPlatforms) = postSolution
		{5AB9864B-7F87-41E8-99B8-33ABA925F6F8}.Debug|Any CPU.ActiveCfg = Debug|Any CPU
		{5AB9864B-7F87-41E8-99B8-33ABA925F6F8}.Debug|Any CPU.Build.0 = Debug|Any CPU
		{5AB9864B-7F87-41E8-99B8-33ABA925F6F8}.Release|Any CPU.ActiveCfg = Release|Any CPU
		{5AB9864B-7F87-41E8-99B8-33ABA925F6F8}.Release|Any CPU.Build.0 = Release|Any CPU
		{F1021099-F926-4801-B8B4-E057B0164BA3}.Debug|Any CPU.ActiveCfg = Debug|Any CPU
		{F1021099-F926-4801-B8B4-E057B0164BA3}.Debug|Any CPU.Build.0 = Debug|Any CPU
		{F1021099-F926-4801-B8B4-E057B0164BA3}.Release|Any CPU.ActiveCfg = Release|Any CPU
		{F1021099-F926-4801-B8B4-E057B0164BA3}.Release|Any CPU.Build.0 = Release|Any CPU
		{645B9E33-0A5C-454F-8B49-71459A528CCE}.Debug|Any CPU.ActiveCfg = Debug|Any CPU
		{645B9E33-0A5C-454F-8B49-71459A528CCE}.Debug|Any CPU.Build.0 = Debug|Any CPU
		{645B9E33-0A5C-454F-8B49-71459A528CCE}.Release|Any CPU.ActiveCfg = Release|Any CPU
		{645B9E33-0A5C-454F-8B49-71459A528CCE}.Release|Any CPU.Build.0 = Release|Any CPU
	EndGlobalSection
	GlobalSection(SolutionProperties) = preSolution
		HideSolutionNode = FALSE
	EndGlobalSection
	GlobalSection(NestedProjects) = preSolution
		{58B2E7C4-07FB-4147-AA66-45323508A4FF} = {D3A0E077-7F61-4C4F-A81C-BE9006A523CF}
	EndGlobalSection
	GlobalSection(ExtensibilityGlobals) = postSolution
		SolutionGuid = {A596E160-2399-4CE4-A256-696B2EC4A8D5}
	EndGlobalSection
EndGlobal
